
Microsoft Visual Studio Solution File, Format Version 12.00
# Visual Studio Version 17
VisualStudioVersion = 17.12.35707.178
MinimumVisualStudioVersion = 10.0.40219.1
Project("{FAE04EC0-301F-11D3-BF4B-00C04F79EFBC}") = "Wordle", "Wordle\Wordle.csproj", "{C4413272-AFE8-4E80-A231-272CB161A2C9}"
EndProject
Project("{FAE04EC0-301F-11D3-BF4B-00C04F79EFBC}") = "Wordle.AppHost", "Wordle.AppHost\Wordle.AppHost.csproj", "{49252E46-E083-4F67-92EF-E5E7389220E7}"
EndProject
Project("{FAE04EC0-301F-11D3-BF4B-00C04F79EFBC}") = "Wordle.ServiceDefaults", "Wordle.ServiceDefaults\Wordle.ServiceDefaults.csproj", "{6C909160-B7BB-4D58-AFEC-7D0E86D1D039}"
EndProject
Global
	GlobalSection(SolutionConfigurationPlatforms) = preSolution
		Debug|Any CPU = Debug|Any CPU
		Release|Any CPU = Release|Any CPU
	EndGlobalSection
	GlobalSection(ProjectConfigurationPlatforms) = postSolution
		{C4413272-AFE8-4E80-A231-272CB161A2C9}.Debug|Any CPU.ActiveCfg = Debug|Any CPU
		{C4413272-AFE8-4E80-A231-272CB161A2C9}.Debug|Any CPU.Build.0 = Debug|Any CPU
		{C4413272-AFE8-4E80-A231-272CB161A2C9}.Release|Any CPU.ActiveCfg = Release|Any CPU
		{C4413272-AFE8-4E80-A231-272CB161A2C9}.Release|Any CPU.Build.0 = Release|Any CPU
		{49252E46-E083-4F67-92EF-E5E7389220E7}.Debug|Any CPU.ActiveCfg = Debug|Any CPU
		{49252E46-E083-4F67-92EF-E5E7389220E7}.Debug|Any CPU.Build.0 = Debug|Any CPU
		{49252E46-E083-4F67-92EF-E5E7389220E7}.Release|Any CPU.ActiveCfg = Release|Any CPU
		{49252E46-E083-4F67-92EF-E5E7389220E7}.Release|Any CPU.Build.0 = Release|Any CPU
		{6C909160-B7BB-4D58-AFEC-7D0E86D1D039}.Debug|Any CPU.ActiveCfg = Debug|Any CPU
		{6C909160-B7BB-4D58-AFEC-7D0E86D1D039}.Debug|Any CPU.Build.0 = Debug|Any CPU
		{6C909160-B7BB-4D58-AFEC-7D0E86D1D039}.Release|Any CPU.ActiveCfg = Release|Any CPU
		{6C909160-B7BB-4D58-AFEC-7D0E86D1D039}.Release|Any CPU.Build.0 = Release|Any CPU
	EndGlobalSection
	GlobalSection(SolutionProperties) = preSolution
		HideSolutionNode = FALSE
	EndGlobalSection
EndGlobal
